
Microsoft Visual Studio Solution File, Format Version 12.00
# Visual Studio Version 17
VisualStudioVersion = 17.3.32825.248
MinimumVisualStudioVersion = 10.0.40219.1
Project("{9A19103F-16F7-4668-BE54-9A1E7A4F7556}") = "LazyApiPack.XmlTools", "LazyApiPack.XmlTools\LazyApiPack.XmlTools.csproj", "{89FDF5AC-AE31-4FC8-8907-E78A5D55FC52}"
EndProject
Project("{9A19103F-16F7-4668-BE54-9A1E7A4F7556}") = "LazyApiPack.XmlTools.Tests", "LazyApiPack.XmlTools.Tests\LazyApiPack.XmlTools.Tests.csproj", "{1522ACF4-3A48-47C9-901B-9946CF1902C1}"
EndProject
Project("{FAE04EC0-301F-11D3-BF4B-00C04F79EFBC}") = "LazyApiPack.XmlTools.Wpf", "LazyApiPack.XmlTools.Wpf\LazyApiPack.XmlTools.Wpf.csproj", "{42DC6057-CEAD-4BF9-AB25-A6BF7058CD0B}"
EndProject
Global
	GlobalSection(SolutionConfigurationPlatforms) = preSolution
		Debug|Any CPU = Debug|Any CPU
		Release|Any CPU = Release|Any CPU
	EndGlobalSection
	GlobalSection(ProjectConfigurationPlatforms) = postSolution
		{89FDF5AC-AE31-4FC8-8907-E78A5D55FC52}.Debug|Any CPU.ActiveCfg = Debug|Any CPU
		{89FDF5AC-AE31-4FC8-8907-E78A5D55FC52}.Debug|Any CPU.Build.0 = Debug|Any CPU
		{89FDF5AC-AE31-4FC8-8907-E78A5D55FC52}.Release|Any CPU.ActiveCfg = Release|Any CPU
		{89FDF5AC-AE31-4FC8-8907-E78A5D55FC52}.Release|Any CPU.Build.0 = Release|Any CPU
		{1522ACF4-3A48-47C9-901B-9946CF1902C1}.Debug|Any CPU.ActiveCfg = Debug|Any CPU
		{1522ACF4-3A48-47C9-901B-9946CF1902C1}.Debug|Any CPU.Build.0 = Debug|Any CPU
		{1522ACF4-3A48-47C9-901B-9946CF1902C1}.Release|Any CPU.ActiveCfg = Release|Any CPU
		{1522ACF4-3A48-47C9-901B-9946CF1902C1}.Release|Any CPU.Build.0 = Release|Any CPU
		{42DC6057-CEAD-4BF9-AB25-A6BF7058CD0B}.Debug|Any CPU.ActiveCfg = Debug|Any CPU
		{42DC6057-CEAD-4BF9-AB25-A6BF7058CD0B}.Debug|Any CPU.Build.0 = Debug|Any CPU
		{42DC6057-CEAD-4BF9-AB25-A6BF7058CD0B}.Release|Any CPU.ActiveCfg = Release|Any CPU
		{42DC6057-CEAD-4BF9-AB25-A6BF7058CD0B}.Release|Any CPU.Build.0 = Release|Any CPU
	EndGlobalSection
	GlobalSection(SolutionProperties) = preSolution
		HideSolutionNode = FALSE
	EndGlobalSection
	GlobalSection(ExtensibilityGlobals) = postSolution
		SolutionGuid = {8C7E6365-FEC4-444F-B499-9FE6B4D2706E}
	EndGlobalSection
EndGlobal
